<?xml version="1.0" encoding="utf-8"?>
<Project ToolsVersion="4.0" xmlns="http://schemas.microsoft.com/developer/msbuild/2003">
  <ItemGroup>
    <Filter Include="Source Files">
      <UniqueIdentifier>{4FC737F1-C7A5-4376-A066-2A32D752A2FF}</UniqueIdentifier>
      <Extensions>cpp;c;cc;cxx;def;odl;idl;hpj;bat;asm;asmx</Extensions>
    </Filter>
    <Filter Include="Header Files">
      <UniqueIdentifier>{93995380-89BD-4b04-88EB-625FBE52EBFB}</UniqueIdentifier>
      <Extensions>h;hpp;hxx;hm;inl;inc;xsd</Extensions>
    </Filter>
    <Filter Include="Resource Files">
      <UniqueIdentifier>{67DA6AB6-F800-4c08-8B7A-83BB121AAD01}</UniqueIdentifier>
      <Extensions>rc;ico;cur;bmp;dlg;rc2;rct;bin;rgs;gif;jpg;jpeg;jpe;resx;tiff;tif;png;wav;mfcribbon-ms</Extensions>
    </Filter>
  </ItemGroup>
  <ItemGroup>
    <ClCompile Include="main.cpp">
      <Filter>Source Files</Filter>
    </ClCompile>
    <ClCompile Include="Visao.cpp">
      <Filter>Source Files</Filter>
    </ClCompile>
    <ClCompile Include="Tag.cpp">
      <Filter>Source Files</Filter>
    </ClCompile>
    <ClCompile Include="Objeto.cpp">
      <Filter>Source Files</Filter>
    </ClCompile>
    <ClCompile Include="InterfaceGrafica.cpp">
      <Filter>Source Files</Filter>
    </ClCompile>
    <ClCompile Include="Point.cpp">
      <Filter>Source Files</Filter>
    </ClCompile>
    <ClCompile Include="Robo.cpp">
      <Filter>Source Files</Filter>
    </ClCompile>
    <ClCompile Include="Bola.cpp">
      <Filter>Source Files</Filter>
    </ClCompile>
    <ClCompile Include="SerialW.cpp">
      <Filter>Source Files</Filter>
    </ClCompile>
    <ClCompile Include="stdafx.cpp">
      <Filter>Source Files</Filter>
    </ClCompile>
    <ClCompile Include="TimerCounter.cpp">
      <Filter>Source Files</Filter>
    </ClCompile>
    <ClCompile Include="ControladorPID.cpp">
      <Filter>Source Files</Filter>
    </ClCompile>
    <ClCompile Include="EEGoalKeeper.cpp">
      <Filter>Source Files</Filter>
    </ClCompile>
    <ClCompile Include="EstrategiaGoleiro.cpp">
      <Filter>Source Files</Filter>
    </ClCompile>
    <ClCompile Include="FuzzyVS2014.cpp">
      <Filter>Source Files</Filter>
    </ClCompile>
    <ClCompile Include="FuzzyVD.cpp">
      <Filter>Source Files</Filter>
    </ClCompile>
    <ClCompile Include="FuzzyVE.cpp">
      <Filter>Source Files</Filter>
    </ClCompile>
    <ClCompile Include="VDRules.cpp">
      <Filter>Source Files</Filter>
    </ClCompile>
    <ClCompile Include="VERules.cpp">
      <Filter>Source Files</Filter>
    </ClCompile>
    <ClCompile Include="Trapez.cpp">
      <Filter>Source Files</Filter>
    </ClCompile>
    <ClCompile Include="Bell.cpp">
      <Filter>Source Files</Filter>
    </ClCompile>
    <ClCompile Include="DeFuzzy.cpp">
      <Filter>Source Files</Filter>
    </ClCompile>
    <ClCompile Include="FuzzyFunction.cpp">
      <Filter>Source Files</Filter>
    </ClCompile>
    <ClCompile Include="EEMidForward.cpp">
      <Filter>Source Files</Filter>
    </ClCompile>
  </ItemGroup>
  <ItemGroup>
    <ClInclude Include="Visao.h">
      <Filter>Header Files</Filter>
    </ClInclude>
    <ClInclude Include="Tag.h">
      <Filter>Header Files</Filter>
    </ClInclude>
    <ClInclude Include="Objeto.h">
      <Filter>Header Files</Filter>
    </ClInclude>
    <ClInclude Include="InterfaceGrafica.h">
      <Filter>Header Files</Filter>
    </ClInclude>
    <ClInclude Include="define.h">
      <Filter>Header Files</Filter>
    </ClInclude>
    <ClInclude Include="Point.h">
      <Filter>Header Files</Filter>
    </ClInclude>
    <ClInclude Include="Robo.h">
      <Filter>Header Files</Filter>
    </ClInclude>
    <ClInclude Include="Bola.h">
      <Filter>Header Files</Filter>
    </ClInclude>
    <ClInclude Include="stdafx.h">
      <Filter>Header Files</Filter>
    </ClInclude>
    <ClInclude Include="SerialW.h">
      <Filter>Header Files</Filter>
    </ClInclude>
    <ClInclude Include="targetver.h">
      <Filter>Header Files</Filter>
    </ClInclude>
    <ClInclude Include="TimerCounter.h">
      <Filter>Header Files</Filter>
    </ClInclude>
    <ClInclude Include="ControladorPID.h">
      <Filter>Header Files</Filter>
    </ClInclude>
    <ClInclude Include="EEGoalKeeper.h">
      <Filter>Header Files</Filter>
    </ClInclude>
    <ClInclude Include="EstrategiaGoleiro.h">
      <Filter>Header Files</Filter>
    </ClInclude>
    <ClInclude Include="FuzzyVE.h">
      <Filter>Header Files</Filter>
    </ClInclude>
    <ClInclude Include="FuzzyVD.h">
      <Filter>Header Files</Filter>
    </ClInclude>
    <ClInclude Include="VDRules.h">
      <Filter>Header Files</Filter>
    </ClInclude>
    <ClInclude Include="VERules.h">
      <Filter>Header Files</Filter>
    </ClInclude>
    <ClInclude Include="BaseRule.h">
      <Filter>Header Files</Filter>
    </ClInclude>
    <ClInclude Include="Fuzzy.h">
      <Filter>Header Files</Filter>
    </ClInclude>
    <ClInclude Include="FuzzyFunction.h">
      <Filter>Header Files</Filter>
    </ClInclude>
    <ClInclude Include="DeFuzzy.h">
      <Filter>Header Files</Filter>
    </ClInclude>
    <ClInclude Include="resource.h">
      <Filter>Header Files</Filter>
    </ClInclude>
    <ClInclude Include="FuzzyVS2014.h">
      <Filter>Header Files</Filter>
    </ClInclude>
    <ClInclude Include="EEMidForward.h">
      <Filter>Header Files</Filter>
    </ClInclude>
  </ItemGroup>
  <ItemGroup>
    <Text Include="Rule_Base_VD.txt" />
    <Text Include="Rule_Base_VE.txt" />
  </ItemGroup>
  <ItemGroup>
    <ResourceCompile Include="Visao.rc">
      <Filter>Resource Files</Filter>
    </ResourceCompile>
  </ItemGroup>
</Project>